// !$*UTF8*$!
{
	archiveVersion = 1;
	classes = {
	};
	objectVersion = 55;
	objects = {

/* Begin PBXBuildFile section */
		A453AFB32786655D0088C876 /* MapView.swift in Sources */ = {isa = PBXBuildFile; fileRef = A453AFB22786655D0088C876 /* MapView.swift */; };
		A453AFB527866D310088C876 /* LocationModel.swift in Sources */ = {isa = PBXBuildFile; fileRef = A453AFB427866D310088C876 /* LocationModel.swift */; };
		A453AFC12786A4500088C876 /* MapViewModel.swift in Sources */ = {isa = PBXBuildFile; fileRef = A453AFC02786A4500088C876 /* MapViewModel.swift */; };
		A4603B7D2786526D00D8B9C6 /* capital_one_greatest_percentageApp.swift in Sources */ = {isa = PBXBuildFile; fileRef = A4603B7C2786526D00D8B9C6 /* capital_one_greatest_percentageApp.swift */; };
		A4603B7F2786526D00D8B9C6 /* ContentView.swift in Sources */ = {isa = PBXBuildFile; fileRef = A4603B7E2786526D00D8B9C6 /* ContentView.swift */; };
		A4603B812786526E00D8B9C6 /* Assets.xcassets in Resources */ = {isa = PBXBuildFile; fileRef = A4603B802786526E00D8B9C6 /* Assets.xcassets */; };
		A4603B842786526E00D8B9C6 /* Preview Assets.xcassets in Resources */ = {isa = PBXBuildFile; fileRef = A4603B832786526E00D8B9C6 /* Preview Assets.xcassets */; };
/* End PBXBuildFile section */

/* Begin PBXFileReference section */
		A453AFB22786655D0088C876 /* MapView.swift */ = {isa = PBXFileReference; lastKnownFileType = sourcecode.swift; path = MapView.swift; sourceTree = "<group>"; };
		A453AFB427866D310088C876 /* LocationModel.swift */ = {isa = PBXFileReference; lastKnownFileType = sourcecode.swift; path = LocationModel.swift; sourceTree = "<group>"; };
		A453AFBF27869FA80088C876 /* Info.plist */ = {isa = PBXFileReference; lastKnownFileType = text.plist; path = Info.plist; sourceTree = "<group>"; };
		A453AFC02786A4500088C876 /* MapViewModel.swift */ = {isa = PBXFileReference; lastKnownFileType = sourcecode.swift; path = MapViewModel.swift; sourceTree = "<group>"; };
		A4603B792786526D00D8B9C6 /* capital-one-greatest-percentage.app */ = {isa = PBXFileReference; explicitFileType = wrapper.application; includeInIndex = 0; path = "capital-one-greatest-percentage.app"; sourceTree = BUILT_PRODUCTS_DIR; };
		A4603B7C2786526D00D8B9C6 /* capital_one_greatest_percentageApp.swift */ = {isa = PBXFileReference; lastKnownFileType = sourcecode.swift; path = capital_one_greatest_percentageApp.swift; sourceTree = "<group>"; };
		A4603B7E2786526D00D8B9C6 /* ContentView.swift */ = {isa = PBXFileReference; lastKnownFileType = sourcecode.swift; path = ContentView.swift; sourceTree = "<group>"; };
		A4603B802786526E00D8B9C6 /* Assets.xcassets */ = {isa = PBXFileReference; lastKnownFileType = folder.assetcatalog; path = Assets.xcassets; sourceTree = "<group>"; };
		A4603B832786526E00D8B9C6 /* Preview Assets.xcassets */ = {isa = PBXFileReference; lastKnownFileType = folder.assetcatalog; path = "Preview Assets.xcassets"; sourceTree = "<group>"; };
/* End PBXFileReference section */

/* Begin PBXFrameworksBuildPhase section */
		A4603B762786526D00D8B9C6 /* Frameworks */ = {
			isa = PBXFrameworksBuildPhase;
			buildActionMask = 2147483647;
			files = (
			);
			runOnlyForDeploymentPostprocessing = 0;
		};
/* End PBXFrameworksBuildPhase section */

/* Begin PBXGroup section */
		A453AFAF278665290088C876 /* Views */ = {
			isa = PBXGroup;
			children = (
				A453AFBE278690E20088C876 /* Map Views */,
			);
			path = Views;
			sourceTree = "<group>";
		};
		A453AFB02786653C0088C876 /* Models */ = {
			isa = PBXGroup;
			children = (
				A453AFC02786A4500088C876 /* MapViewModel.swift */,
				A453AFB427866D310088C876 /* LocationModel.swift */,
			);
			path = Models;
			sourceTree = "<group>";
		};
		A453AFB1278665430088C876 /* Resources */ = {
			isa = PBXGroup;
			children = (
			);
			path = Resources;
			sourceTree = "<group>";
		};
		A453AFBE278690E20088C876 /* Map Views */ = {
			isa = PBXGroup;
			children = (
				A453AFB22786655D0088C876 /* MapView.swift */,
			);
			path = "Map Views";
			sourceTree = "<group>";
		};
		A4603B702786526D00D8B9C6 = {
			isa = PBXGroup;
			children = (
				A4603B7B2786526D00D8B9C6 /* capital-one-greatest-percentage */,
				A4603B7A2786526D00D8B9C6 /* Products */,
			);
			sourceTree = "<group>";
		};
		A4603B7A2786526D00D8B9C6 /* Products */ = {
			isa = PBXGroup;
			children = (
				A4603B792786526D00D8B9C6 /* capital-one-greatest-percentage.app */,
			);
			name = Products;
			sourceTree = "<group>";
		};
		A4603B7B2786526D00D8B9C6 /* capital-one-greatest-percentage */ = {
			isa = PBXGroup;
			children = (
				A453AFBF27869FA80088C876 /* Info.plist */,
				A453AFAF278665290088C876 /* Views */,
				A453AFB02786653C0088C876 /* Models */,
				A453AFB1278665430088C876 /* Resources */,
				A4603B7C2786526D00D8B9C6 /* capital_one_greatest_percentageApp.swift */,
				A4603B7E2786526D00D8B9C6 /* ContentView.swift */,
				A4603B802786526E00D8B9C6 /* Assets.xcassets */,
				A4603B822786526E00D8B9C6 /* Preview Content */,
			);
			path = "capital-one-greatest-percentage";
			sourceTree = "<group>";
		};
		A4603B822786526E00D8B9C6 /* Preview Content */ = {
			isa = PBXGroup;
			children = (
				A4603B832786526E00D8B9C6 /* Preview Assets.xcassets */,
			);
			path = "Preview Content";
			sourceTree = "<group>";
		};
/* End PBXGroup section */

/* Begin PBXNativeTarget section */
		A4603B782786526D00D8B9C6 /* capital-one-greatest-percentage */ = {
			isa = PBXNativeTarget;
			buildConfigurationList = A4603B872786526E00D8B9C6 /* Build configuration list for PBXNativeTarget "capital-one-greatest-percentage" */;
			buildPhases = (
				A4603B752786526D00D8B9C6 /* Sources */,
				A4603B762786526D00D8B9C6 /* Frameworks */,
				A4603B772786526D00D8B9C6 /* Resources */,
			);
			buildRules = (
			);
			dependencies = (
			);
			name = "capital-one-greatest-percentage";
			productName = "capital-one-greatest-percentage";
			productReference = A4603B792786526D00D8B9C6 /* capital-one-greatest-percentage.app */;
			productType = "com.apple.product-type.application";
		};
/* End PBXNativeTarget section */

/* Begin PBXProject section */
		A4603B712786526D00D8B9C6 /* Project object */ = {
			isa = PBXProject;
			attributes = {
				BuildIndependentTargetsInParallel = 1;
				LastSwiftUpdateCheck = 1310;
				LastUpgradeCheck = 1310;
				TargetAttributes = {
					A4603B782786526D00D8B9C6 = {
						CreatedOnToolsVersion = 13.1;
					};
				};
			};
			buildConfigurationList = A4603B742786526D00D8B9C6 /* Build configuration list for PBXProject "capital-one-greatest-percentage" */;
			compatibilityVersion = "Xcode 13.0";
			developmentRegion = en;
			hasScannedForEncodings = 0;
			knownRegions = (
				en,
				Base,
			);
			mainGroup = A4603B702786526D00D8B9C6;
			productRefGroup = A4603B7A2786526D00D8B9C6 /* Products */;
			projectDirPath = "";
			projectRoot = "";
			targets = (
				A4603B782786526D00D8B9C6 /* capital-one-greatest-percentage */,
			);
		};
/* End PBXProject section */

/* Begin PBXResourcesBuildPhase section */
		A4603B772786526D00D8B9C6 /* Resources */ = {
			isa = PBXResourcesBuildPhase;
			buildActionMask = 2147483647;
			files = (
				A4603B842786526E00D8B9C6 /* Preview Assets.xcassets in Resources */,
				A4603B812786526E00D8B9C6 /* Assets.xcassets in Resources */,
			);
			runOnlyForDeploymentPostprocessing = 0;
		};
/* End PBXResourcesBuildPhase section */

/* Begin PBXSourcesBuildPhase section */
		A4603B752786526D00D8B9C6 /* Sources */ = {
			isa = PBXSourcesBuildPhase;
			buildActionMask = 2147483647;
			files = (
				A453AFB527866D310088C876 /* LocationModel.swift in Sources */,
				A4603B7F2786526D00D8B9C6 /* ContentView.swift in Sources */,
				A453AFB32786655D0088C876 /* MapView.swift in Sources */,
				A4603B7D2786526D00D8B9C6 /* capital_one_greatest_percentageApp.swift in Sources */,
				A453AFC12786A4500088C876 /* MapViewModel.swift in Sources */,
			);
			runOnlyForDeploymentPostprocessing = 0;
		};
/* End PBXSourcesBuildPhase section */

/* Begin XCBuildConfiguration section */
		A4603B852786526E00D8B9C6 /* Debug */ = {
			isa = XCBuildConfiguration;
			buildSettings = {
				ALWAYS_SEARCH_USER_PATHS = NO;
				CLANG_ANALYZER_NONNULL = YES;
				CLANG_ANALYZER_NUMBER_OBJECT_CONVERSION = YES_AGGRESSIVE;
				CLANG_CXX_LANGUAGE_STANDARD = "gnu++17";
				CLANG_CXX_LIBRARY = "libc++";
				CLANG_ENABLE_MODULES = YES;
				CLANG_ENABLE_OBJC_ARC = YES;
				CLANG_ENABLE_OBJC_WEAK = YES;
				CLANG_WARN_BLOCK_CAPTURE_AUTORELEASING = YES;
				CLANG_WARN_BOOL_CONVERSION = YES;
				CLANG_WARN_COMMA = YES;
				CLANG_WARN_CONSTANT_CONVERSION = YES;
				CLANG_WARN_DEPRECATED_OBJC_IMPLEMENTATIONS = YES;
				CLANG_WARN_DIRECT_OBJC_ISA_USAGE = YES_ERROR;
				CLANG_WARN_DOCUMENTATION_COMMENTS = YES;
				CLANG_WARN_EMPTY_BODY = YES;
				CLANG_WARN_ENUM_CONVERSION = YES;
				CLANG_WARN_INFINITE_RECURSION = YES;
				CLANG_WARN_INT_CONVERSION = YES;
				CLANG_WARN_NON_LITERAL_NULL_CONVERSION = YES;
				CLANG_WARN_OBJC_IMPLICIT_RETAIN_SELF = YES;
				CLANG_WARN_OBJC_LITERAL_CONVERSION = YES;
				CLANG_WARN_OBJC_ROOT_CLASS = YES_ERROR;
				CLANG_WARN_QUOTED_INCLUDE_IN_FRAMEWORK_HEADER = YES;
				CLANG_WARN_RANGE_LOOP_ANALYSIS = YES;
				CLANG_WARN_STRICT_PROTOTYPES = YES;
				CLANG_WARN_SUSPICIOUS_MOVE = YES;
				CLANG_WARN_UNGUARDED_AVAILABILITY = YES_AGGRESSIVE;
				CLANG_WARN_UNREACHABLE_CODE = YES;
				CLANG_WARN__DUPLICATE_METHOD_MATCH = YES;
				COPY_PHASE_STRIP = NO;
				DEBUG_INFORMATION_FORMAT = dwarf;
				ENABLE_STRICT_OBJC_MSGSEND = YES;
				ENABLE_TESTABILITY = YES;
				GCC_C_LANGUAGE_STANDARD = gnu11;
				GCC_DYNAMIC_NO_PIC = NO;
				GCC_NO_COMMON_BLOCKS = YES;
				GCC_OPTIMIZATION_LEVEL = 0;
				GCC_PREPROCESSOR_DEFINITIONS = (
					"DEBUG=1",
					"$(inherited)",
				);
				GCC_WARN_64_TO_32_BIT_CONVERSION = YES;
				GCC_WARN_ABOUT_RETURN_TYPE = YES_ERROR;
				GCC_WARN_UNDECLARED_SELECTOR = YES;
				GCC_WARN_UNINITIALIZED_AUTOS = YES_AGGRESSIVE;
				GCC_WARN_UNUSED_FUNCTION = YES;
				GCC_WARN_UNUSED_VARIABLE = YES;
				IPHONEOS_DEPLOYMENT_TARGET = 15.0;
				MTL_ENABLE_DEBUG_INFO = INCLUDE_SOURCE;
				MTL_FAST_MATH = YES;
				ONLY_ACTIVE_ARCH = YES;
				SDKROOT = iphoneos;
				SWIFT_ACTIVE_COMPILATION_CONDITIONS = DEBUG;
				SWIFT_OPTIMIZATION_LEVEL = "-Onone";
			};
			name = Debug;
		};
		A4603B862786526E00D8B9C6 /* Release */ = {
			isa = XCBuildConfiguration;
			buildSettings = {
				ALWAYS_SEARCH_USER_PATHS = NO;
				CLANG_ANALYZER_NONNULL = YES;
				CLANG_ANALYZER_NUMBER_OBJECT_CONVERSION = YES_AGGRESSIVE;
				CLANG_CXX_LANGUAGE_STANDARD = "gnu++17";
				CLANG_CXX_LIBRARY = "libc++";
				CLANG_ENABLE_MODULES = YES;
				CLANG_ENABLE_OBJC_ARC = YES;
				CLANG_ENABLE_OBJC_WEAK = YES;
				CLANG_WARN_BLOCK_CAPTURE_AUTORELEASING = YES;
				CLANG_WARN_BOOL_CONVERSION = YES;
				CLANG_WARN_COMMA = YES;
				CLANG_WARN_CONSTANT_CONVERSION = YES;
				CLANG_WARN_DEPRECATED_OBJC_IMPLEMENTATIONS = YES;
				CLANG_WARN_DIRECT_OBJC_ISA_USAGE = YES_ERROR;
				CLANG_WARN_DOCUMENTATION_COMMENTS = YES;
				CLANG_WARN_EMPTY_BODY = YES;
				CLANG_WARN_ENUM_CONVERSION = YES;
				CLANG_WARN_INFINITE_RECURSION = YES;
				CLANG_WARN_INT_CONVERSION = YES;
				CLANG_WARN_NON_LITERAL_NULL_CONVERSION = YES;
				CLANG_WARN_OBJC_IMPLICIT_RETAIN_SELF = YES;
				CLANG_WARN_OBJC_LITERAL_CONVERSION = YES;
				CLANG_WARN_OBJC_ROOT_CLASS = YES_ERROR;
				CLANG_WARN_QUOTED_INCLUDE_IN_FRAMEWORK_HEADER = YES;
				CLANG_WARN_RANGE_LOOP_ANALYSIS = YES;
				CLANG_WARN_STRICT_PROTOTYPES = YES;
				CLANG_WARN_SUSPICIOUS_MOVE = YES;
				CLANG_WARN_UNGUARDED_AVAILABILITY = YES_AGGRESSIVE;
				CLANG_WARN_UNREACHABLE_CODE = YES;
				CLANG_WARN__DUPLICATE_METHOD_MATCH = YES;
				COPY_PHASE_STRIP = NO;
				DEBUG_INFORMATION_FORMAT = "dwarf-with-dsym";
				ENABLE_NS_ASSERTIONS = NO;
				ENABLE_STRICT_OBJC_MSGSEND = YES;
				GCC_C_LANGUAGE_STANDARD = gnu11;
				GCC_NO_COMMON_BLOCKS = YES;
				GCC_WARN_64_TO_32_BIT_CONVERSION = YES;
				GCC_WARN_ABOUT_RETURN_TYPE = YES_ERROR;
				GCC_WARN_UNDECLARED_SELECTOR = YES;
				GCC_WARN_UNINITIALIZED_AUTOS = YES_AGGRESSIVE;
				GCC_WARN_UNUSED_FUNCTION = YES;
				GCC_WARN_UNUSED_VARIABLE = YES;
				IPHONEOS_DEPLOYMENT_TARGET = 15.0;
				MTL_ENABLE_DEBUG_INFO = NO;
				MTL_FAST_MATH = YES;
				SDKROOT = iphoneos;
				SWIFT_COMPILATION_MODE = wholemodule;
				SWIFT_OPTIMIZATION_LEVEL = "-O";
				VALIDATE_PRODUCT = YES;
			};
			name = Release;
		};
		A4603B882786526E00D8B9C6 /* Debug */ = {
			isa = XCBuildConfiguration;
			buildSettings = {
				ASSETCATALOG_COMPILER_APPICON_NAME = AppIcon;
				ASSETCATALOG_COMPILER_GLOBAL_ACCENT_COLOR_NAME = AccentColor;
				CODE_SIGN_STYLE = Automatic;
				CURRENT_PROJECT_VERSION = 1;
				DEVELOPMENT_ASSET_PATHS = "\"capital-one-greatest-percentage/Preview Content\"";
				DEVELOPMENT_TEAM = GTLWW2YR6A;
				ENABLE_PREVIEWS = YES;
				GENERATE_INFOPLIST_FILE = YES;
				INFOPLIST_FILE = "capital-one-greatest-percentage/Info.plist";
				INFOPLIST_KEY_LSApplicationCategoryType = "";
				INFOPLIST_KEY_NSLocationWhenInUseUsageDescription = "This app needs your location to show your position on the map";
				INFOPLIST_KEY_UIApplicationSceneManifest_Generation = YES;
				INFOPLIST_KEY_UIApplicationSupportsIndirectInputEvents = YES;
				INFOPLIST_KEY_UILaunchScreen_Generation = YES;
				INFOPLIST_KEY_UISupportedInterfaceOrientations_iPad = "UIInterfaceOrientationPortrait UIInterfaceOrientationPortraitUpsideDown UIInterfaceOrientationLandscapeLeft UIInterfaceOrientationLandscapeRight";
				INFOPLIST_KEY_UISupportedInterfaceOrientations_iPhone = "UIInterfaceOrientationPortrait UIInterfaceOrientationLandscapeLeft UIInterfaceOrientationLandscapeRight";
				LD_RUNPATH_SEARCH_PATHS = (
					"$(inherited)",
					"@executable_path/Frameworks",
				);
				MARKETING_VERSION = 1.0;
				PRODUCT_BUNDLE_IDENTIFIER = "capital.one.greatest.percentage.capital-one-greatest-percentage";
				PRODUCT_NAME = "$(TARGET_NAME)";
				SWIFT_EMIT_LOC_STRINGS = YES;
				SWIFT_VERSION = 5.0;
				TARGETED_DEVICE_FAMILY = "1,2";
			};
			name = Debug;
		};
		A4603B892786526E00D8B9C6 /* Release */ = {
			isa = XCBuildConfiguration;
			buildSettings = {
				ASSETCATALOG_COMPILER_APPICON_NAME = AppIcon;
				ASSETCATALOG_COMPILER_GLOBAL_ACCENT_COLOR_NAME = AccentColor;
				CODE_SIGN_STYLE = Automatic;
				CURRENT_PROJECT_VERSION = 1;
				DEVELOPMENT_ASSET_PATHS = "\"capital-one-greatest-percentage/Preview Content\"";
				DEVELOPMENT_TEAM = GTLWW2YR6A;
				ENABLE_PREVIEWS = YES;
				GENERATE_INFOPLIST_FILE = YES;
				INFOPLIST_FILE = "capital-one-greatest-percentage/Info.plist";
				INFOPLIST_KEY_LSApplicationCategoryType = "";
				INFOPLIST_KEY_NSLocationWhenInUseUsageDescription = "This app needs your location to show your position on the map";
				INFOPLIST_KEY_UIApplicationSceneManifest_Generation = YES;
				INFOPLIST_KEY_UIApplicationSupportsIndirectInputEvents = YES;
				INFOPLIST_KEY_UILaunchScreen_Generation = YES;
				INFOPLIST_KEY_UISupportedInterfaceOrientations_iPad = "UIInterfaceOrientationPortrait UIInterfaceOrientationPortraitUpsideDown UIInterfaceOrientationLandscapeLeft UIInterfaceOrientationLandscapeRight";
				INFOPLIST_KEY_UISupportedInterfaceOrientations_iPhone = "UIInterfaceOrientationPortrait UIInterfaceOrientationLandscapeLeft UIInterfaceOrientationLandscapeRight";
				LD_RUNPATH_SEARCH_PATHS = (
					"$(inherited)",
					"@executable_path/Frameworks",
				);
				MARKETING_VERSION = 1.0;
				PRODUCT_BUNDLE_IDENTIFIER = "capital.one.greatest.percentage.capital-one-greatest-percentage";
				PRODUCT_NAME = "$(TARGET_NAME)";
				SWIFT_EMIT_LOC_STRINGS = YES;
				SWIFT_VERSION = 5.0;
				TARGETED_DEVICE_FAMILY = "1,2";
			};
			name = Release;
		};
/* End XCBuildConfiguration section */

/* Begin XCConfigurationList section */
		A4603B742786526D00D8B9C6 /* Build configuration list for PBXProject "capital-one-greatest-percentage" */ = {
			isa = XCConfigurationList;
			buildConfigurations = (
				A4603B852786526E00D8B9C6 /* Debug */,
				A4603B862786526E00D8B9C6 /* Release */,
			);
			defaultConfigurationIsVisible = 0;
			defaultConfigurationName = Release;
		};
		A4603B872786526E00D8B9C6 /* Build configuration list for PBXNativeTarget "capital-one-greatest-percentage" */ = {
			isa = XCConfigurationList;
			buildConfigurations = (
				A4603B882786526E00D8B9C6 /* Debug */,
				A4603B892786526E00D8B9C6 /* Release */,
			);
			defaultConfigurationIsVisible = 0;
			defaultConfigurationName = Release;
		};
/* End XCConfigurationList section */
	};
	rootObject = A4603B712786526D00D8B9C6 /* Project object */;
}
